
Microsoft Visual Studio Solution File, Format Version 12.00
# Visual Studio 15
VisualStudioVersion = 15.0.27130.2024
MinimumVisualStudioVersion = 10.0.40219.1
Project("{9A19103F-16F7-4668-BE54-9A1E7A4F7556}") = "Ideagen.Coruson.Mobile", "Ideagen.Coruson.Mobile\Ideagen.Coruson.Mobile.csproj", "{97DF546F-DC1D-4D8A-BA1E-3E2D7BA993CC}"
EndProject
Project("{FAE04EC0-301F-11D3-BF4B-00C04F79EFBC}") = "Ideagen.Coruson.Mobile.UWP", "Ideagen.Coruson.Mobile.UWP\Ideagen.Coruson.Mobile.UWP.csproj", "{06825BD3-2D53-4DB6-B1DF-8A2BB8E3D5C6}"
EndProject
Project("{9A19103F-16F7-4668-BE54-9A1E7A4F7556}") = "Saturn.Api.Models.Version2", "Saturn.Api.Models.Version2\Saturn.Api.Models.Version2.csproj", "{13E749B0-7026-42E2-AAF4-BBB408377332}"
EndProject
Project("{8BC9CEB8-8B4A-11D0-8D11-00A0C91BC942}") = "TreeViewControl", "TreeViewControl\TreeViewControl.vcxproj", "{BDC228D2-7929-5A98-B7BA-5E28BD1ADBCF}"
EndProject
Global
GlobalSection(SolutionConfigurationPlatforms) = preSolution
Ad-Hoc|Any CPU = Ad-Hoc|Any CPU
Ad-Hoc|ARM = Ad-Hoc|ARM
Ad-Hoc|iPhone = Ad-Hoc|iPhone
Ad-Hoc|iPhoneSimulator = Ad-Hoc|iPhoneSimulator
Ad-Hoc|x64 = Ad-Hoc|x64
Ad-Hoc|x86 = Ad-Hoc|x86
AppStore|Any CPU = AppStore|Any CPU
AppStore|ARM = AppStore|ARM
AppStore|iPhone = AppStore|iPhone
AppStore|iPhoneSimulator = AppStore|iPhoneSimulator
AppStore|x64 = AppStore|x64
AppStore|x86 = AppStore|x86
Debug|Any CPU = Debug|Any CPU
Debug|ARM = Debug|ARM
Debug|iPhone = Debug|iPhone
Debug|iPhoneSimulator = Debug|iPhoneSimulator
Debug|x64 = Debug|x64
Debug|x86 = Debug|x86
Release|Any CPU = Release|Any CPU
Release|ARM = Release|ARM
Release|iPhone = Release|iPhone
Release|iPhoneSimulator = Release|iPhoneSimulator
Release|x64 = Release|x64
Release|x86 = Release|x86
EndGlobalSection
GlobalSection(ProjectConfigurationPlatforms) = postSolution
{97DF546F-DC1D-4D8A-BA1E-3E2D7BA993CC}.Ad-Hoc|Any CPU.ActiveCfg = Release|Any CPU
{97DF546F-DC1D-4D8A-BA1E-3E2D7BA993CC}.Ad-Hoc|Any CPU.Build.0 = Release|Any CPU
{97DF546F-DC1D-4D8A-BA1E-3E2D7BA993CC}.Ad-Hoc|ARM.ActiveCfg = Release|Any CPU
{97DF546F-DC1D-4D8A-BA1E-3E2D7BA993CC}.Ad-Hoc|ARM.Build.0 = Release|Any CPU
{97DF546F-DC1D-4D8A-BA1E-3E2D7BA993CC}.Ad-Hoc|iPhone.ActiveCfg = Release|Any CPU
{97DF546F-DC1D-4D8A-BA1E-3E2D7BA993CC}.Ad-Hoc|iPhone.Build.0 = Release|Any CPU
{97DF546F-DC1D-4D8A-BA1E-3E2D7BA993CC}.Ad-Hoc|iPhoneSimulator.ActiveCfg = Release|Any CPU
{97DF546F-DC1D-4D8A-BA1E-3E2D7BA993CC}.Ad-Hoc|iPhoneSimulator.Build.0 = Release|Any CPU
{97DF546F-DC1D-4D8A-BA1E-3E2D7BA993CC}.Ad-Hoc|x64.ActiveCfg = Release|Any CPU
{97DF546F-DC1D-4D8A-BA1E-3E2D7BA993CC}.Ad-Hoc|x64.Build.0 = Release|Any CPU
{97DF546F-DC1D-4D8A-BA1E-3E2D7BA993CC}.Ad-Hoc|x86.ActiveCfg = Release|Any CPU
{97DF546F-DC1D-4D8A-BA1E-3E2D7BA993CC}.Ad-Hoc|x86.Build.0 = Release|Any CPU
{97DF546F-DC1D-4D8A-BA1E-3E2D7BA993CC}.AppStore|Any CPU.ActiveCfg = Release|Any CPU
{97DF546F-DC1D-4D8A-BA1E-3E2D7BA993CC}.AppStore|Any CPU.Build.0 = Release|Any CPU
{97DF546F-DC1D-4D8A-BA1E-3E2D7BA993CC}.AppStore|ARM.ActiveCfg = Release|Any CPU
{97DF546F-DC1D-4D8A-BA1E-3E2D7BA993CC}.AppStore|ARM.Build.0 = Release|Any CPU
{97DF546F-DC1D-4D8A-BA1E-3E2D7BA993CC}.AppStore|iPhone.ActiveCfg = Release|Any CPU
{97DF546F-DC1D-4D8A-BA1E-3E2D7BA993CC}.AppStore|iPhone.Build.0 = Release|Any CPU
{97DF546F-DC1D-4D8A-BA1E-3E2D7BA993CC}.AppStore|iPhoneSimulator.ActiveCfg = Release|Any CPU
{97DF546F-DC1D-4D8A-BA1E-3E2D7BA993CC}.AppStore|iPhoneSimulator.Build.0 = Release|Any CPU
{97DF546F-DC1D-4D8A-BA1E-3E2D7BA993CC}.AppStore|x64.ActiveCfg = Release|Any CPU
{97DF546F-DC1D-4D8A-BA1E-3E2D7BA993CC}.AppStore|x64.Build.0 = Release|Any CPU
{97DF546F-DC1D-4D8A-BA1E-3E2D7BA993CC}.AppStore|x86.ActiveCfg = Release|Any CPU
{97DF546F-DC1D-4D8A-BA1E-3E2D7BA993CC}.AppStore|x86.Build.0 = Release|Any CPU
{97DF546F-DC1D-4D8A-BA1E-3E2D7BA993CC}.Debug|Any CPU.ActiveCfg = Debug|Any CPU
{97DF546F-DC1D-4D8A-BA1E-3E2D7BA993CC}.Debug|Any CPU.Build.0 = Debug|Any CPU
{97DF546F-DC1D-4D8A-BA1E-3E2D7BA993CC}.Debug|ARM.ActiveCfg = Debug|Any CPU
{97DF546F-DC1D-4D8A-BA1E-3E2D7BA993CC}.Debug|ARM.Build.0 = Debug|Any CPU
{97DF546F-DC1D-4D8A-BA1E-3E2D7BA993CC}.Debug|iPhone.ActiveCfg = Debug|Any CPU
{97DF546F-DC1D-4D8A-BA1E-3E2D7BA993CC}.Debug|iPhone.Build.0 = Debug|Any CPU
{97DF546F-DC1D-4D8A-BA1E-3E2D7BA993CC}.Debug|iPhoneSimulator.ActiveCfg = Debug|Any CPU
{97DF546F-DC1D-4D8A-BA1E-3E2D7BA993CC}.Debug|iPhoneSimulator.Build.0 = Debug|Any CPU
{97DF546F-DC1D-4D8A-BA1E-3E2D7BA993CC}.Debug|x64.ActiveCfg = Debug|Any CPU
{97DF546F-DC1D-4D8A-BA1E-3E2D7BA993CC}.Debug|x64.Build.0 = Debug|Any CPU
{97DF546F-DC1D-4D8A-BA1E-3E2D7BA993CC}.Debug|x86.ActiveCfg = Debug|Any CPU
{97DF546F-DC1D-4D8A-BA1E-3E2D7BA993CC}.Debug|x86.Build.0 = Debug|Any CPU
{97DF546F-DC1D-4D8A-BA1E-3E2D7BA993CC}.Release|Any CPU.ActiveCfg = Release|Any CPU
{97DF546F-DC1D-4D8A-BA1E-3E2D7BA993CC}.Release|Any CPU.Build.0 = Release|Any CPU
{97DF546F-DC1D-4D8A-BA1E-3E2D7BA993CC}.Release|ARM.ActiveCfg = Release|Any CPU
{97DF546F-DC1D-4D8A-BA1E-3E2D7BA993CC}.Release|ARM.Build.0 = Release|Any CPU
{97DF546F-DC1D-4D8A-BA1E-3E2D7BA993CC}.Release|iPhone.ActiveCfg = Release|Any CPU
{97DF546F-DC1D-4D8A-BA1E-3E2D7BA993CC}.Release|iPhone.Build.0 = Release|Any CPU
{97DF546F-DC1D-4D8A-BA1E-3E2D7BA993CC}.Release|iPhoneSimulator.ActiveCfg = Release|Any CPU
{97DF546F-DC1D-4D8A-BA1E-3E2D7BA993CC}.Release|iPhoneSimulator.Build.0 = Release|Any CPU
{97DF546F-DC1D-4D8A-BA1E-3E2D7BA993CC}.Release|x64.ActiveCfg = Release|Any CPU
{97DF546F-DC1D-4D8A-BA1E-3E2D7BA993CC}.Release|x64.Build.0 = Release|Any CPU
{97DF546F-DC1D-4D8A-BA1E-3E2D7BA993CC}.Release|x86.ActiveCfg = Release|Any CPU
{97DF546F-DC1D-4D8A-BA1E-3E2D7BA993CC}.Release|x86.Build.0 = Release|Any CPU
{06825BD3-2D53-4DB6-B1DF-8A2BB8E3D5C6}.Ad-Hoc|Any CPU.ActiveCfg = Release|x86
{06825BD3-2D53-4DB6-B1DF-8A2BB8E3D5C6}.Ad-Hoc|Any CPU.Build.0 = Release|x86
{06825BD3-2D53-4DB6-B1DF-8A2BB8E3D5C6}.Ad-Hoc|Any CPU.Deploy.0 = Release|x86
{06825BD3-2D53-4DB6-B1DF-8A2BB8E3D5C6}.Ad-Hoc|ARM.ActiveCfg = Release|ARM
{06825BD3-2D53-4DB6-B1DF-8A2BB8E3D5C6}.Ad-Hoc|ARM.Build.0 = Release|ARM
{06825BD3-2D53-4DB6-B1DF-8A2BB8E3D5C6}.Ad-Hoc|ARM.Deploy.0 = Release|ARM
{06825BD3-2D53-4DB6-B1DF-8A2BB8E3D5C6}.Ad-Hoc|iPhone.ActiveCfg = Release|x86
{06825BD3-2D53-4DB6-B1DF-8A2BB8E3D5C6}.Ad-Hoc|iPhone.Build.0 = Release|x86
{06825BD3-2D53-4DB6-B1DF-8A2BB8E3D5C6}.Ad-Hoc|iPhone.Deploy.0 = Release|x86
{06825BD3-2D53-4DB6-B1DF-8A2BB8E3D5C6}.Ad-Hoc|iPhoneSimulator.ActiveCfg = Release|x86
{06825BD3-2D53-4DB6-B1DF-8A2BB8E3D5C6}.Ad-Hoc|iPhoneSimulator.Build.0 = Release|x86
{06825BD3-2D53-4DB6-B1DF-8A2BB8E3D5C6}.Ad-Hoc|iPhoneSimulator.Deploy.0 = Release|x86
{06825BD3-2D53-4DB6-B1DF-8A2BB8E3D5C6}.Ad-Hoc|x64.ActiveCfg = Release|x64
{06825BD3-2D53-4DB6-B1DF-8A2BB8E3D5C6}.Ad-Hoc|x64.Build.0 = Release|x64
{06825BD3-2D53-4DB6-B1DF-8A2BB8E3D5C6}.Ad-Hoc|x64.Deploy.0 = Release|x64
{06825BD3-2D53-4DB6-B1DF-8A2BB8E3D5C6}.Ad-Hoc|x86.ActiveCfg = Release|x86
{06825BD3-2D53-4DB6-B1DF-8A2BB8E3D5C6}.Ad-Hoc|x86.Build.0 = Release|x86
{06825BD3-2D53-4DB6-B1DF-8A2BB8E3D5C6}.Ad-Hoc|x86.Deploy.0 = Release|x86
{06825BD3-2D53-4DB6-B1DF-8A2BB8E3D5C6}.AppStore|Any CPU.ActiveCfg = Release|x86
{06825BD3-2D53-4DB6-B1DF-8A2BB8E3D5C6}.AppStore|Any CPU.Build.0 = Release|x86
{06825BD3-2D53-4DB6-B1DF-8A2BB8E3D5C6}.AppStore|Any CPU.Deploy.0 = Release|x86
{06825BD3-2D53-4DB6-B1DF-8A2BB8E3D5C6}.AppStore|ARM.ActiveCfg = Release|ARM
{06825BD3-2D53-4DB6-B1DF-8A2BB8E3D5C6}.AppStore|ARM.Build.0 = Release|ARM
{06825BD3-2D53-4DB6-B1DF-8A2BB8E3D5C6}.AppStore|ARM.Deploy.0 = Release|ARM
{06825BD3-2D53-4DB6-B1DF-8A2BB8E3D5C6}.AppStore|iPhone.ActiveCfg = Release|x86
{06825BD3-2D53-4DB6-B1DF-8A2BB8E3D5C6}.AppStore|iPhone.Build.0 = Release|x86
{06825BD3-2D53-4DB6-B1DF-8A2BB8E3D5C6}.AppStore|iPhone.Deploy.0 = Release|x86
{06825BD3-2D53-4DB6-B1DF-8A2BB8E3D5C6}.AppStore|iPhoneSimulator.ActiveCfg = Release|x86
{06825BD3-2D53-4DB6-B1DF-8A2BB8E3D5C6}.AppStore|iPhoneSimulator.Build.0 = Release|x86
{06825BD3-2D53-4DB6-B1DF-8A2BB8E3D5C6}.AppStore|iPhoneSimulator.Deploy.0 = Release|x86
{06825BD3-2D53-4DB6-B1DF-8A2BB8E3D5C6}.AppStore|x64.ActiveCfg = Release|x64
{06825BD3-2D53-4DB6-B1DF-8A2BB8E3D5C6}.AppStore|x64.Build.0 = Release|x64
{06825BD3-2D53-4DB6-B1DF-8A2BB8E3D5C6}.AppStore|x64.Deploy.0 = Release|x64
{06825BD3-2D53-4DB6-B1DF-8A2BB8E3D5C6}.AppStore|x86.ActiveCfg = Release|x86
{06825BD3-2D53-4DB6-B1DF-8A2BB8E3D5C6}.AppStore|x86.Build.0 = Release|x86
{06825BD3-2D53-4DB6-B1DF-8A2BB8E3D5C6}.AppStore|x86.Deploy.0 = Release|x86
{06825BD3-2D53-4DB6-B1DF-8A2BB8E3D5C6}.Debug|Any CPU.ActiveCfg = Debug|x86
{06825BD3-2D53-4DB6-B1DF-8A2BB8E3D5C6}.Debug|ARM.ActiveCfg = Debug|ARM
{06825BD3-2D53-4DB6-B1DF-8A2BB8E3D5C6}.Debug|ARM.Build.0 = Debug|ARM
{06825BD3-2D53-4DB6-B1DF-8A2BB8E3D5C6}.Debug|ARM.Deploy.0 = Debug|ARM
{06825BD3-2D53-4DB6-B1DF-8A2BB8E3D5C6}.Debug|iPhone.ActiveCfg = Debug|x86
{06825BD3-2D53-4DB6-B1DF-8A2BB8E3D5C6}.Debug|iPhoneSimulator.ActiveCfg = Debug|x86
{06825BD3-2D53-4DB6-B1DF-8A2BB8E3D5C6}.Debug|x64.ActiveCfg = Debug|x64
{06825BD3-2D53-4DB6-B1DF-8A2BB8E3D5C6}.Debug|x64.Build.0 = Debug|x64
{06825BD3-2D53-4DB6-B1DF-8A2BB8E3D5C6}.Debug|x64.Deploy.0 = Debug|x64
{06825BD3-2D53-4DB6-B1DF-8A2BB8E3D5C6}.Debug|x86.ActiveCfg = Debug|x86
{06825BD3-2D53-4DB6-B1DF-8A2BB8E3D5C6}.Debug|x86.Build.0 = Debug|x86
{06825BD3-2D53-4DB6-B1DF-8A2BB8E3D5C6}.Debug|x86.Deploy.0 = Debug|x86
{06825BD3-2D53-4DB6-B1DF-8A2BB8E3D5C6}.Release|Any CPU.ActiveCfg = Release|x86
{06825BD3-2D53-4DB6-B1DF-8A2BB8E3D5C6}.Release|ARM.ActiveCfg = Release|ARM
{06825BD3-2D53-4DB6-B1DF-8A2BB8E3D5C6}.Release|ARM.Build.0 = Release|ARM
{06825BD3-2D53-4DB6-B1DF-8A2BB8E3D5C6}.Release|ARM.Deploy.0 = Release|ARM
{06825BD3-2D53-4DB6-B1DF-8A2BB8E3D5C6}.Release|iPhone.ActiveCfg = Release|x86
{06825BD3-2D53-4DB6-B1DF-8A2BB8E3D5C6}.Release|iPhoneSimulator.ActiveCfg = Release|x86
{06825BD3-2D53-4DB6-B1DF-8A2BB8E3D5C6}.Release|x64.ActiveCfg = Release|x64
{06825BD3-2D53-4DB6-B1DF-8A2BB8E3D5C6}.Release|x64.Build.0 = Release|x64
{06825BD3-2D53-4DB6-B1DF-8A2BB8E3D5C6}.Release|x64.Deploy.0 = Release|x64
{06825BD3-2D53-4DB6-B1DF-8A2BB8E3D5C6}.Release|x86.ActiveCfg = Release|x86
{06825BD3-2D53-4DB6-B1DF-8A2BB8E3D5C6}.Release|x86.Build.0 = Release|x86
{06825BD3-2D53-4DB6-B1DF-8A2BB8E3D5C6}.Release|x86.Deploy.0 = Release|x86
{13E749B0-7026-42E2-AAF4-BBB408377332}.Ad-Hoc|Any CPU.ActiveCfg = Release|Any CPU
{13E749B0-7026-42E2-AAF4-BBB408377332}.Ad-Hoc|Any CPU.Build.0 = Release|Any CPU
{13E749B0-7026-42E2-AAF4-BBB408377332}.Ad-Hoc|ARM.ActiveCfg = Release|Any CPU
{13E749B0-7026-42E2-AAF4-BBB408377332}.Ad-Hoc|ARM.Build.0 = Release|Any CPU
{13E749B0-7026-42E2-AAF4-BBB408377332}.Ad-Hoc|iPhone.ActiveCfg = Release|Any CPU
{13E749B0-7026-42E2-AAF4-BBB408377332}.Ad-Hoc|iPhone.Build.0 = Release|Any CPU
{13E749B0-7026-42E2-AAF4-BBB408377332}.Ad-Hoc|iPhoneSimulator.ActiveCfg = Release|Any CPU
{13E749B0-7026-42E2-AAF4-BBB408377332}.Ad-Hoc|iPhoneSimulator.Build.0 = Release|Any CPU
{13E749B0-7026-42E2-AAF4-BBB408377332}.Ad-Hoc|x64.ActiveCfg = Release|Any CPU
{13E749B0-7026-42E2-AAF4-BBB408377332}.Ad-Hoc|x64.Build.0 = Release|Any CPU
{13E749B0-7026-42E2-AAF4-BBB408377332}.Ad-Hoc|x86.ActiveCfg = Release|Any CPU
{13E749B0-7026-42E2-AAF4-BBB408377332}.Ad-Hoc|x86.Build.0 = Release|Any CPU
{13E749B0-7026-42E2-AAF4-BBB408377332}.AppStore|Any CPU.ActiveCfg = Release|Any CPU
{13E749B0-7026-42E2-AAF4-BBB408377332}.AppStore|Any CPU.Build.0 = Release|Any CPU
{13E749B0-7026-42E2-AAF4-BBB408377332}.AppStore|ARM.ActiveCfg = Release|Any CPU
{13E749B0-7026-42E2-AAF4-BBB408377332}.AppStore|ARM.Build.0 = Release|Any CPU
{13E749B0-7026-42E2-AAF4-BBB408377332}.AppStore|iPhone.ActiveCfg = Release|Any CPU
{13E749B0-7026-42E2-AAF4-BBB408377332}.AppStore|iPhone.Build.0 = Release|Any CPU
{13E749B0-7026-42E2-AAF4-BBB408377332}.AppStore|iPhoneSimulator.ActiveCfg = Release|Any CPU
{13E749B0-7026-42E2-AAF4-BBB408377332}.AppStore|iPhoneSimulator.Build.0 = Release|Any CPU
{13E749B0-7026-42E2-AAF4-BBB408377332}.AppStore|x64.ActiveCfg = Release|Any CPU
{13E749B0-7026-42E2-AAF4-BBB408377332}.AppStore|x64.Build.0 = Release|Any CPU
{13E749B0-7026-42E2-AAF4-BBB408377332}.AppStore|x86.ActiveCfg = Release|Any CPU
{13E749B0-7026-42E2-AAF4-BBB408377332}.AppStore|x86.Build.0 = Release|Any CPU
{13E749B0-7026-42E2-AAF4-BBB408377332}.Debug|Any CPU.ActiveCfg = Debug|Any CPU
{13E749B0-7026-42E2-AAF4-BBB408377332}.Debug|Any CPU.Build.0 = Debug|Any CPU
{13E749B0-7026-42E2-AAF4-BBB408377332}.Debug|ARM.ActiveCfg = Debug|Any CPU
{13E749B0-7026-42E2-AAF4-BBB408377332}.Debug|ARM.Build.0 = Debug|Any CPU
{13E749B0-7026-42E2-AAF4-BBB408377332}.Debug|iPhone.ActiveCfg = Debug|Any CPU
{13E749B0-7026-42E2-AAF4-BBB408377332}.Debug|iPhone.Build.0 = Debug|Any CPU
{13E749B0-7026-42E2-AAF4-BBB408377332}.Debug|iPhoneSimulator.ActiveCfg = Debug|Any CPU
{13E749B0-7026-42E2-AAF4-BBB408377332}.Debug|iPhoneSimulator.Build.0 = Debug|Any CPU
{13E749B0-7026-42E2-AAF4-BBB408377332}.Debug|x64.ActiveCfg = Debug|Any CPU
{13E749B0-7026-42E2-AAF4-BBB408377332}.Debug|x64.Build.0 = Debug|Any CPU
{13E749B0-7026-42E2-AAF4-BBB408377332}.Debug|x86.ActiveCfg = Debug|Any CPU
{13E749B0-7026-42E2-AAF4-BBB408377332}.Debug|x86.Build.0 = Debug|Any CPU
{13E749B0-7026-42E2-AAF4-BBB408377332}.Release|Any CPU.ActiveCfg = Release|Any CPU
{13E749B0-7026-42E2-AAF4-BBB408377332}.Release|Any CPU.Build.0 = Release|Any CPU
{13E749B0-7026-42E2-AAF4-BBB408377332}.Release|ARM.ActiveCfg = Release|Any CPU
{13E749B0-7026-42E2-AAF4-BBB408377332}.Release|ARM.Build.0 = Release|Any CPU
{13E749B0-7026-42E2-AAF4-BBB408377332}.Release|iPhone.ActiveCfg = Release|Any CPU
{13E749B0-7026-42E2-AAF4-BBB408377332}.Release|iPhone.Build.0 = Release|Any CPU
{13E749B0-7026-42E2-AAF4-BBB408377332}.Release|iPhoneSimulator.ActiveCfg = Release|Any CPU
{13E749B0-7026-42E2-AAF4-BBB408377332}.Release|iPhoneSimulator.Build.0 = Release|Any CPU
{13E749B0-7026-42E2-AAF4-BBB408377332}.Release|x64.ActiveCfg = Release|Any CPU
{13E749B0-7026-42E2-AAF4-BBB408377332}.Release|x64.Build.0 = Release|Any CPU
{13E749B0-7026-42E2-AAF4-BBB408377332}.Release|x86.ActiveCfg = Release|Any CPU
{13E749B0-7026-42E2-AAF4-BBB408377332}.Release|x86.Build.0 = Release|Any CPU
{BDC228D2-7929-5A98-B7BA-5E28BD1ADBCF}.Ad-Hoc|Any CPU.ActiveCfg = Release|x64
{BDC228D2-7929-5A98-B7BA-5E28BD1ADBCF}.Ad-Hoc|Any CPU.Build.0 = Release|x64
{BDC228D2-7929-5A98-B7BA-5E28BD1ADBCF}.Ad-Hoc|ARM.ActiveCfg = Release|ARM
{BDC228D2-7929-5A98-B7BA-5E28BD1ADBCF}.Ad-Hoc|ARM.Build.0 = Release|ARM
{BDC228D2-7929-5A98-B7BA-5E28BD1ADBCF}.Ad-Hoc|iPhone.ActiveCfg = Release|x64
{BDC228D2-7929-5A98-B7BA-5E28BD1ADBCF}.Ad-Hoc|iPhone.Build.0 = Release|x64
{BDC228D2-7929-5A98-B7BA-5E28BD1ADBCF}.Ad-Hoc|iPhoneSimulator.ActiveCfg = Release|x64
{BDC228D2-7929-5A98-B7BA-5E28BD1ADBCF}.Ad-Hoc|iPhoneSimulator.Build.0 = Release|x64
{BDC228D2-7929-5A98-B7BA-5E28BD1ADBCF}.Ad-Hoc|x64.ActiveCfg = Release|x64
{BDC228D2-7929-5A98-B7BA-5E28BD1ADBCF}.Ad-Hoc|x64.Build.0 = Release|x64
{BDC228D2-7929-5A98-B7BA-5E28BD1ADBCF}.Ad-Hoc|x86.ActiveCfg = Release|Win32
{BDC228D2-7929-5A98-B7BA-5E28BD1ADBCF}.Ad-Hoc|x86.Build.0 = Release|Win32
{BDC228D2-7929-5A98-B7BA-5E28BD1ADBCF}.AppStore|Any CPU.ActiveCfg = Release|x64
{BDC228D2-7929-5A98-B7BA-5E28BD1ADBCF}.AppStore|Any CPU.Build.0 = Release|x64
{BDC228D2-7929-5A98-B7BA-5E28BD1ADBCF}.AppStore|ARM.ActiveCfg = Release|ARM
{BDC228D2-7929-5A98-B7BA-5E28BD1ADBCF}.AppStore|ARM.Build.0 = Release|ARM
{BDC228D2-7929-5A98-B7BA-5E28BD1ADBCF}.AppStore|iPhone.ActiveCfg = Release|x64
{BDC228D2-7929-5A98-B7BA-5E28BD1ADBCF}.AppStore|iPhone.Build.0 = Release|x64
{BDC228D2-7929-5A98-B7BA-5E28BD1ADBCF}.AppStore|iPhoneSimulator.ActiveCfg = Release|x64
{BDC228D2-7929-5A98-B7BA-5E28BD1ADBCF}.AppStore|iPhoneSimulator.Build.0 = Release|x64
{BDC228D2-7929-5A98-B7BA-5E28BD1ADBCF}.AppStore|x64.ActiveCfg = Release|x64
{BDC228D2-7929-5A98-B7BA-5E28BD1ADBCF}.AppStore|x64.Build.0 = Release|x64
{BDC228D2-7929-5A98-B7BA-5E28BD1ADBCF}.AppStore|x86.ActiveCfg = Release|Win32
{BDC228D2-7929-5A98-B7BA-5E28BD1ADBCF}.AppStore|x86.Build.0 = Release|Win32
{BDC228D2-7929-5A98-B7BA-5E28BD1ADBCF}.Debug|Any CPU.ActiveCfg = Debug|Win32
{BDC228D2-7929-5A98-B7BA-5E28BD1ADBCF}.Debug|ARM.ActiveCfg = Debug|ARM
{BDC228D2-7929-5A98-B7BA-5E28BD1ADBCF}.Debug|ARM.Build.0 = Debug|ARM
{BDC228D2-7929-5A98-B7BA-5E28BD1ADBCF}.Debug|iPhone.ActiveCfg = Debug|Win32
{BDC228D2-7929-5A98-B7BA-5E28BD1ADBCF}.Debug|iPhoneSimulator.ActiveCfg = Debug|Win32
{BDC228D2-7929-5A98-B7BA-5E28BD1ADBCF}.Debug|x64.ActiveCfg = Debug|x64
{BDC228D2-7929-5A98-B7BA-5E28BD1ADBCF}.Debug|x64.Build.0 = Debug|x64
{BDC228D2-7929-5A98-B7BA-5E28BD1ADBCF}.Debug|x86.ActiveCfg = Debug|Win32
{BDC228D2-7929-5A98-B7BA-5E28BD1ADBCF}.Debug|x86.Build.0 = Debug|Win32
{BDC228D2-7929-5A98-B7BA-5E28BD1ADBCF}.Release|Any CPU.ActiveCfg = Release|Win32
{BDC228D2-7929-5A98-B7BA-5E28BD1ADBCF}.Release|ARM.ActiveCfg = Release|ARM
{BDC228D2-7929-5A98-B7BA-5E28BD1ADBCF}.Release|ARM.Build.0 = Release|ARM
{BDC228D2-7929-5A98-B7BA-5E28BD1ADBCF}.Release|iPhone.ActiveCfg = Release|Win32
{BDC228D2-7929-5A98-B7BA-5E28BD1ADBCF}.Release|iPhoneSimulator.ActiveCfg = Release|Win32
{BDC228D2-7929-5A98-B7BA-5E28BD1ADBCF}.Release|x64.ActiveCfg = Release|x64
{BDC228D2-7929-5A98-B7BA-5E28BD1ADBCF}.Release|x64.Build.0 = Release|x64
{BDC228D2-7929-5A98-B7BA-5E28BD1ADBCF}.Release|x86.ActiveCfg = Release|Win32
{BDC228D2-7929-5A98-B7BA-5E28BD1ADBCF}.Release|x86.Build.0 = Release|Win32
EndGlobalSection
GlobalSection(SolutionProperties) = preSolution
HideSolutionNode = FALSE
EndGlobalSection
GlobalSection(ExtensibilityGlobals) = postSolution
SolutionGuid = {346FB6D0-2B5F-4977-8D11-F5B769B54E1A}
EndGlobalSection
EndGlobal